
Microsoft Visual Studio Solution File, Format Version 12.00
# Visual Studio Version 17
VisualStudioVersion = 17.11.35303.130
MinimumVisualStudioVersion = 10.0.40219.1
Project("{FAE04EC0-301F-11D3-BF4B-00C04F79EFBC}") = "Module04Assignment01", "Module04Assignment01.csproj", "{3ED8790F-DD74-4CF7-A23B-08C8656300AE}"
EndProject
Global
	GlobalSection(SolutionConfigurationPlatforms) = preSolution
		Debug|Any CPU = Debug|Any CPU
		Release|Any CPU = Release|Any CPU
	EndGlobalSection
	GlobalSection(ProjectConfigurationPlatforms) = postSolution
		{3ED8790F-DD74-4CF7-A23B-08C8656300AE}.Debug|Any CPU.ActiveCfg = Debug|Any CPU
		{3ED8790F-DD74-4CF7-A23B-08C8656300AE}.Debug|Any CPU.Build.0 = Debug|Any CPU
		{3ED8790F-DD74-4CF7-A23B-08C8656300AE}.Debug|Any CPU.Deploy.0 = Debug|Any CPU
		{3ED8790F-DD74-4CF7-A23B-08C8656300AE}.Release|Any CPU.ActiveCfg = Release|Any CPU
		{3ED8790F-DD74-4CF7-A23B-08C8656300AE}.Release|Any CPU.Build.0 = Release|Any CPU
		{3ED8790F-DD74-4CF7-A23B-08C8656300AE}.Release|Any CPU.Deploy.0 = Release|Any CPU
	EndGlobalSection
	GlobalSection(SolutionProperties) = preSolution
		HideSolutionNode = FALSE
	EndGlobalSection
	GlobalSection(ExtensibilityGlobals) = postSolution
		SolutionGuid = {14613874-7482-4E50-BDA7-11C82A341A7B}
	EndGlobalSection
EndGlobal
